
Microsoft Visual Studio Solution File, Format Version 12.00
# Visual Studio Version 17
VisualStudioVersion = 17.6.33712.159
MinimumVisualStudioVersion = 10.0.40219.1
Project("{FAE04EC0-301F-11D3-BF4B-00C04F79EFBC}") = "ConsoleApp1", "ConsoleApp1.csproj", "{643C1662-B309-401F-B12C-C574EF8E0492}"
EndProject
Global
	GlobalSection(SolutionConfigurationPlatforms) = preSolution
		Debug|Any CPU = Debug|Any CPU
		Release|Any CPU = Release|Any CPU
	EndGlobalSection
	GlobalSection(ProjectConfigurationPlatforms) = postSolution
		{643C1662-B309-401F-B12C-C574EF8E0492}.Debug|Any CPU.ActiveCfg = Debug|Any CPU
		{643C1662-B309-401F-B12C-C574EF8E0492}.Debug|Any CPU.Build.0 = Debug|Any CPU
		{643C1662-B309-401F-B12C-C574EF8E0492}.Release|Any CPU.ActiveCfg = Release|Any CPU
		{643C1662-B309-401F-B12C-C574EF8E0492}.Release|Any CPU.Build.0 = Release|Any CPU
	EndGlobalSection
	GlobalSection(SolutionProperties) = preSolution
		HideSolutionNode = FALSE
	EndGlobalSection
	GlobalSection(ExtensibilityGlobals) = postSolution
		SolutionGuid = {BC361AF7-9CC1-47D6-896B-A16B712DB1D8}
	EndGlobalSection
EndGlobal
